
Microsoft Visual Studio Solution File, Format Version 11.00
# Visual Studio 2010
Project("{FAE04EC0-301F-11D3-BF4B-00C04F79EFBC}") = "1337", "Assembly-CSharp.csproj", "{6886850C-3538-C1E4-9233-7144B0B8D190}"
EndProject
Project("{FAE04EC0-301F-11D3-BF4B-00C04F79EFBC}") = "1337", "Assembly-CSharp-firstpass.csproj", "{F2A4147B-A789-7747-06D2-B0BAFBB0AF99}"
EndProject
Project("{FAE04EC0-301F-11D3-BF4B-00C04F79EFBC}") = "1337", "Assembly-CSharp-Editor.csproj", "{1C2E82BA-DC7B-EAE6-4094-DFB3ADA76A36}"
EndProject
Project("{FAE04EC0-301F-11D3-BF4B-00C04F79EFBC}") = "1337", "Assembly-CSharp-Editor-firstpass.csproj", "{7A90BF39-85B1-BA4E-A0C5-052196AA85A7}"
EndProject
Global
	GlobalSection(SolutionConfigurationPlatforms) = preSolution
		Debug|Any CPU = Debug|Any CPU
		Release|Any CPU = Release|Any CPU
	EndGlobalSection
	GlobalSection(ProjectConfigurationPlatforms) = postSolution
		{6886850C-3538-C1E4-9233-7144B0B8D190}.Debug|Any CPU.ActiveCfg = Debug|Any CPU
		{6886850C-3538-C1E4-9233-7144B0B8D190}.Debug|Any CPU.Build.0 = Debug|Any CPU
		{6886850C-3538-C1E4-9233-7144B0B8D190}.Release|Any CPU.ActiveCfg = Release|Any CPU
		{6886850C-3538-C1E4-9233-7144B0B8D190}.Release|Any CPU.Build.0 = Release|Any CPU
		{F2A4147B-A789-7747-06D2-B0BAFBB0AF99}.Debug|Any CPU.ActiveCfg = Debug|Any CPU
		{F2A4147B-A789-7747-06D2-B0BAFBB0AF99}.Debug|Any CPU.Build.0 = Debug|Any CPU
		{F2A4147B-A789-7747-06D2-B0BAFBB0AF99}.Release|Any CPU.ActiveCfg = Release|Any CPU
		{F2A4147B-A789-7747-06D2-B0BAFBB0AF99}.Release|Any CPU.Build.0 = Release|Any CPU
		{1C2E82BA-DC7B-EAE6-4094-DFB3ADA76A36}.Debug|Any CPU.ActiveCfg = Debug|Any CPU
		{1C2E82BA-DC7B-EAE6-4094-DFB3ADA76A36}.Debug|Any CPU.Build.0 = Debug|Any CPU
		{1C2E82BA-DC7B-EAE6-4094-DFB3ADA76A36}.Release|Any CPU.ActiveCfg = Release|Any CPU
		{1C2E82BA-DC7B-EAE6-4094-DFB3ADA76A36}.Release|Any CPU.Build.0 = Release|Any CPU
		{7A90BF39-85B1-BA4E-A0C5-052196AA85A7}.Debug|Any CPU.ActiveCfg = Debug|Any CPU
		{7A90BF39-85B1-BA4E-A0C5-052196AA85A7}.Debug|Any CPU.Build.0 = Debug|Any CPU
		{7A90BF39-85B1-BA4E-A0C5-052196AA85A7}.Release|Any CPU.ActiveCfg = Release|Any CPU
		{7A90BF39-85B1-BA4E-A0C5-052196AA85A7}.Release|Any CPU.Build.0 = Release|Any CPU
	EndGlobalSection
	GlobalSection(SolutionProperties) = preSolution
		HideSolutionNode = FALSE
	EndGlobalSection
	GlobalSection(MonoDevelopProperties) = preSolution
		StartupItem = Assembly-CSharp.csproj
	EndGlobalSection
EndGlobal
